
Microsoft Visual Studio Solution File, Format Version 12.00
# Visual Studio 15
VisualStudioVersion = 15.0.28307.136
MinimumVisualStudioVersion = 10.0.40219.1
Project("{FAE04EC0-301F-11D3-BF4B-00C04F79EFBC}") = "AOC.Day1", "AOC.Day1\AOC.Day1.csproj", "{1E8A57D0-8A75-4467-9D0C-64ADE44EB304}"
EndProject
Global
	GlobalSection(SolutionConfigurationPlatforms) = preSolution
		Debug|Any CPU = Debug|Any CPU
		Release|Any CPU = Release|Any CPU
	EndGlobalSection
	GlobalSection(ProjectConfigurationPlatforms) = postSolution
		{1E8A57D0-8A75-4467-9D0C-64ADE44EB304}.Debug|Any CPU.ActiveCfg = Debug|Any CPU
		{1E8A57D0-8A75-4467-9D0C-64ADE44EB304}.Debug|Any CPU.Build.0 = Debug|Any CPU
		{1E8A57D0-8A75-4467-9D0C-64ADE44EB304}.Release|Any CPU.ActiveCfg = Release|Any CPU
		{1E8A57D0-8A75-4467-9D0C-64ADE44EB304}.Release|Any CPU.Build.0 = Release|Any CPU
	EndGlobalSection
	GlobalSection(SolutionProperties) = preSolution
		HideSolutionNode = FALSE
	EndGlobalSection
	GlobalSection(ExtensibilityGlobals) = postSolution
		SolutionGuid = {BBC4E2CE-AA95-4047-A5BD-A44FAE6242DC}
	EndGlobalSection
EndGlobal
